
Microsoft Visual Studio Solution File, Format Version 12.00
# Visual Studio Version 17
VisualStudioVersion = 17.11.35312.102
MinimumVisualStudioVersion = 10.0.40219.1
Project("{FAE04EC0-301F-11D3-BF4B-00C04F79EFBC}") = "EndOfTheWeekBomb", "EndOfTheWeekBomb\EndOfTheWeekBomb.csproj", "{42A8D981-40A7-4175-977C-C28BF9B37859}"
EndProject
Global
	GlobalSection(SolutionConfigurationPlatforms) = preSolution
		Debug|Any CPU = Debug|Any CPU
		Release|Any CPU = Release|Any CPU
	EndGlobalSection
	GlobalSection(ProjectConfigurationPlatforms) = postSolution
		{42A8D981-40A7-4175-977C-C28BF9B37859}.Debug|Any CPU.ActiveCfg = Debug|Any CPU
		{42A8D981-40A7-4175-977C-C28BF9B37859}.Debug|Any CPU.Build.0 = Debug|Any CPU
		{42A8D981-40A7-4175-977C-C28BF9B37859}.Release|Any CPU.ActiveCfg = Release|Any CPU
		{42A8D981-40A7-4175-977C-C28BF9B37859}.Release|Any CPU.Build.0 = Release|Any CPU
	EndGlobalSection
	GlobalSection(SolutionProperties) = preSolution
		HideSolutionNode = FALSE
	EndGlobalSection
	GlobalSection(ExtensibilityGlobals) = postSolution
		SolutionGuid = {69D6C591-4E15-4B5B-9FF1-56BDAC6A8384}
	EndGlobalSection
EndGlobal
